
Microsoft Visual Studio Solution File, Format Version 12.00
Project("{FAE04EC0-301F-11D3-BF4B-00C04F79EFBC}") = "MedicalCabinetWeb.Api", "MedicalCabinetWeb.Api\MedicalCabinetWeb.Api.csproj", "{6957088D-6544-424F-BCE3-FD2284BEB9F8}"
EndProject
Project("{FAE04EC0-301F-11D3-BF4B-00C04F79EFBC}") = "MedicalCabinetWeb.BusinessLayer", "MedicalCabinetWeb.BusinessLayer\MedicalCabinetWeb.BusinessLayer\MedicalCabinetWeb.BusinessLayer.csproj", "{C90E88EF-54AE-4454-B5BE-D2EDFE3EF0DF}"
EndProject
Project("{FAE04EC0-301F-11D3-BF4B-00C04F79EFBC}") = "MedicalCabinetWeb.Domain", "MedicalCabinetWeb.Domain\MedicalCabinetWeb.Domain\MedicalCabinetWeb.Domain.csproj", "{CC1A15AF-71E2-48F6-9255-7B886A016F22}"
EndProject
Project("{FAE04EC0-301F-11D3-BF4B-00C04F79EFBC}") = "MedicalCabinetWeb.DataAccessLayer", "MedicalCabinetWeb.DataAccessLayer\MedicalCabinetWeb.DataAccessLayer.csproj", "{0B80E1B4-DCD7-4982-9D02-EC9F452CCE9E}"
EndProject
Global
	GlobalSection(SolutionConfigurationPlatforms) = preSolution
		Debug|Any CPU = Debug|Any CPU
		Release|Any CPU = Release|Any CPU
	EndGlobalSection
	GlobalSection(ProjectConfigurationPlatforms) = postSolution
		{6957088D-6544-424F-BCE3-FD2284BEB9F8}.Debug|Any CPU.ActiveCfg = Debug|Any CPU
		{6957088D-6544-424F-BCE3-FD2284BEB9F8}.Debug|Any CPU.Build.0 = Debug|Any CPU
		{6957088D-6544-424F-BCE3-FD2284BEB9F8}.Release|Any CPU.ActiveCfg = Release|Any CPU
		{6957088D-6544-424F-BCE3-FD2284BEB9F8}.Release|Any CPU.Build.0 = Release|Any CPU
		{C90E88EF-54AE-4454-B5BE-D2EDFE3EF0DF}.Debug|Any CPU.ActiveCfg = Debug|Any CPU
		{C90E88EF-54AE-4454-B5BE-D2EDFE3EF0DF}.Debug|Any CPU.Build.0 = Debug|Any CPU
		{C90E88EF-54AE-4454-B5BE-D2EDFE3EF0DF}.Release|Any CPU.ActiveCfg = Release|Any CPU
		{C90E88EF-54AE-4454-B5BE-D2EDFE3EF0DF}.Release|Any CPU.Build.0 = Release|Any CPU
		{CC1A15AF-71E2-48F6-9255-7B886A016F22}.Debug|Any CPU.ActiveCfg = Debug|Any CPU
		{CC1A15AF-71E2-48F6-9255-7B886A016F22}.Debug|Any CPU.Build.0 = Debug|Any CPU
		{CC1A15AF-71E2-48F6-9255-7B886A016F22}.Release|Any CPU.ActiveCfg = Release|Any CPU
		{CC1A15AF-71E2-48F6-9255-7B886A016F22}.Release|Any CPU.Build.0 = Release|Any CPU
		{0B80E1B4-DCD7-4982-9D02-EC9F452CCE9E}.Debug|Any CPU.ActiveCfg = Debug|Any CPU
		{0B80E1B4-DCD7-4982-9D02-EC9F452CCE9E}.Debug|Any CPU.Build.0 = Debug|Any CPU
		{0B80E1B4-DCD7-4982-9D02-EC9F452CCE9E}.Release|Any CPU.ActiveCfg = Release|Any CPU
		{0B80E1B4-DCD7-4982-9D02-EC9F452CCE9E}.Release|Any CPU.Build.0 = Release|Any CPU
	EndGlobalSection
EndGlobal
